<?xml version="1.0" encoding="utf-8"?>
<Project ToolsVersion="4.0" xmlns="http://schemas.microsoft.com/developer/msbuild/2003">
  <ItemGroup>
    <Filter Include="config_files">
      <UniqueIdentifier>{d4dcf3a2-3b04-421e-a9b4-682eb9c701e3}</UniqueIdentifier>
    </Filter>
    <Filter Include="modules">
      <UniqueIdentifier>{8f4cfdb2-238e-4e5c-a9ac-e51751f5c9bf}</UniqueIdentifier>
    </Filter>
    <Filter Include="modules\libraries">
      <UniqueIdentifier>{95c9b109-b2f8-44d0-94b9-c64f3943f5d6}</UniqueIdentifier>
    </Filter>
    <Filter Include="freertos_kernel">
      <UniqueIdentifier>{a3c324a7-7658-4e12-bb2f-d51abbd075d2}</UniqueIdentifier>
    </Filter>
    <Filter Include="freertos_kernel\include">
      <UniqueIdentifier>{505dc106-4bf4-43ef-8f99-53598dc3da51}</UniqueIdentifier>
    </Filter>
    <Filter Include="modules\ports">
      <UniqueIdentifier>{ed62dd5a-8604-48a6-baa7-52c04a9481be}</UniqueIdentifier>
    </Filter>
    <Filter Include="modules\libraries\standard">
      <UniqueIdentifier>{64846671-11e6-48cd-a337-935a7c4c3a71}</UniqueIdentifier>
    </Filter>
    <Filter Include="modules\libraries\standard\freertos_plus_tcp">
      <UniqueIdentifier>{2e550a34-a4a0-4a3c-a009-842a54fdfdaf}</UniqueIdentifier>
    </Filter>
    <Filter Include="modules\libraries\standard\freertos_plus_tcp\include">
      <UniqueIdentifier>{253818b0-e0e5-45a0-8d89-77ff9d5ead99}</UniqueIdentifier>
    </Filter>
    <Filter Include="modules\libraries\standard\freertos_plus_tcp\source">
      <UniqueIdentifier>{162a7750-7d91-425c-9f2c-21a81a625ccf}</UniqueIdentifier>
    </Filter>
    <Filter Include="modules\libraries\standard\freertos_plus_tcp\source\portable">
      <UniqueIdentifier>{9479eaca-98fe-4d29-bf5a-438fd9c2d959}</UniqueIdentifier>
    </Filter>
    <Filter Include="freertos_kernel\portable">
      <UniqueIdentifier>{297d5128-635a-4291-a54d-06aff74ea0ca}</UniqueIdentifier>
    </Filter>
    <Filter Include="freertos_kernel\portable\MemMang">
      <UniqueIdentifier>{0a6f227d-9cb7-486d-b5bd-2922704de232}</UniqueIdentifier>
    </Filter>
    <Filter Include="freertos_kernel\portable\MSVC-MingW">
      <UniqueIdentifier>{194636ac-dedf-4e33-bbbb-bbeb1af73237}</UniqueIdentifier>
    </Filter>
    <Filter Include="application_code">
      <UniqueIdentifier>{95399cf8-0b6b-43c9-b087-b5ac0cc14496}</UniqueIdentifier>
    </Filter>
    <Filter Include="modules\libraries\standard\freertos_plus_tcp\source\portable\MSVC">
      <UniqueIdentifier>{91d20184-b089-433a-849a-f206fe2793b4}</UniqueIdentifier>
    </Filter>
    <Filter Include="modules\ports\secure_sockets">
      <UniqueIdentifier>{04d72506-4818-474b-b1f6-30c5e78694e8}</UniqueIdentifier>
    </Filter>
    <Filter Include="modules\ports\secure_sockets\include">
      <UniqueIdentifier>{d1eac612-5479-4ab6-8660-d88294bc4e0e}</UniqueIdentifier>
    </Filter>
    <Filter Include="modules\ports\secure_sockets\src">
      <UniqueIdentifier>{a4475d19-b1e7-4130-aa7d-b68d77ad068c}</UniqueIdentifier>
    </Filter>
    <Filter Include="modules\libraries\standard\common">
      <UniqueIdentifier>{2da377ce-ea57-4006-9b30-b8845d9f2452}</UniqueIdentifier>
    </Filter>
    <Filter Include="modules\libraries\standard\common\include">
      <UniqueIdentifier>{527dc486-02b9-4cf4-8b0c-b179997808d4}</UniqueIdentifier>
    </Filter>
    <Filter Include="modules\libraries\standard\common\include\private">
      <UniqueIdentifier>{3cbe35ac-ca76-4ea0-8a46-9e9100d8b5ec}</UniqueIdentifier>
    </Filter>
    <Filter Include="modules\libraries\standard\common\logging">
      <UniqueIdentifier>{a5efa7c8-6140-4867-a211-de299aea29cf}</UniqueIdentifier>
    </Filter>
    <Filter Include="modules\libraries\standard\common\platform">
      <UniqueIdentifier>{4552ae09-ad75-472e-8307-e20e071138c1}</UniqueIdentifier>
    </Filter>
    <Filter Include="modules\libraries\standard\common\taskpool">
      <UniqueIdentifier>{67b996cc-d816-4e1b-a210-6e3dd36ebde9}</UniqueIdentifier>
    </Filter>
    <Filter Include="modules\libraries\standard\common\taskpool\private">
      <UniqueIdentifier>{7ae769e6-a2cc-4179-9f87-e824378c222f}</UniqueIdentifier>
    </Filter>
    <Filter Include="modules\libraries\standard\freertos_plus_posix">
      <UniqueIdentifier>{53dde712-1917-4564-9dfb-77636c9145ed}</UniqueIdentifier>
    </Filter>
    <Filter Include="modules\libraries\standard\freertos_plus_posix\include">
      <UniqueIdentifier>{1f400fd5-acc4-40d6-ad96-a2c78d6bcb6c}</UniqueIdentifier>
    </Filter>
    <Filter Include="modules\libraries\standard\freertos_plus_posix\source">
      <UniqueIdentifier>{04091fc7-b21b-4aa1-89c1-4dbfe55f63c3}</UniqueIdentifier>
    </Filter>
    <Filter Include="modules\libraries\standard\freertos_plus_posix\include\portable">
      <UniqueIdentifier>{78e26a07-077f-43ce-a8b2-711177724179}</UniqueIdentifier>
    </Filter>
    <Filter Include="modules\libraries\standard\mqtt">
      <UniqueIdentifier>{d12598aa-02c9-404f-8667-523fe162aa30}</UniqueIdentifier>
    </Filter>
    <Filter Include="modules\libraries\standard\mqtt\include">
      <UniqueIdentifier>{c93a52d2-f446-40b2-a80e-46ae98dd72e1}</UniqueIdentifier>
    </Filter>
    <Filter Include="modules\libraries\standard\mqtt\src">
      <UniqueIdentifier>{7310b94e-741f-4495-981d-59ecd40484f2}</UniqueIdentifier>
    </Filter>
    <Filter Include="modules\libraries\standard\mqtt\include\types">
      <UniqueIdentifier>{b509cda9-f2d8-4132-99d4-968e4d6124d1}</UniqueIdentifier>
    </Filter>
    <Filter Include="modules\libraries\standard\mqtt\src\private">
      <UniqueIdentifier>{2febb40f-6a88-4cc9-8df7-6ba52fc1a2bf}</UniqueIdentifier>
    </Filter>
    <Filter Include="modules\ports\posix">
      <UniqueIdentifier>{61d984e4-6ec3-4fae-9dbc-e5812a9a5483}</UniqueIdentifier>
    </Filter>
    <Filter Include="modules\ports\posix\include">
      <UniqueIdentifier>{7c84ad72-f95b-4441-b9a0-14d64bb22a05}</UniqueIdentifier>
    </Filter>
    <Filter Include="modules\ports\posix\include\FreeRTOS_POSIX">
      <UniqueIdentifier>{dad2d17d-d238-49a9-bccb-4b9657bbeab7}</UniqueIdentifier>
    </Filter>
    <Filter Include="modules\ports\posix\include\FreeRTOS_POSIX\sys">
      <UniqueIdentifier>{fb578507-7b6b-4840-adad-1c753b15c28d}</UniqueIdentifier>
    </Filter>
    <Filter Include="application_code\src">
      <UniqueIdentifier>{0b4eca41-2de0-4b15-9c47-272f39143a20}</UniqueIdentifier>
    </Filter>
    <Filter Include="demos">
      <UniqueIdentifier>{c71a539c-0daa-4757-8abc-7f2ad0f15647}</UniqueIdentifier>
    </Filter>
    <Filter Include="demos\include">
      <UniqueIdentifier>{e90a4da0-32d5-452a-83ef-b721d157d12f}</UniqueIdentifier>
    </Filter>
    <Filter Include="application_code\include">
      <UniqueIdentifier>{ff443665-1985-4ead-91ce-a0d2a7c196e9}</UniqueIdentifier>
    </Filter>
    <Filter Include="demos\network_manager">
      <UniqueIdentifier>{34fe36ff-bca7-433e-90c3-d8e4f63a235b}</UniqueIdentifier>
    </Filter>
    <Filter Include="demos\demo_runner">
      <UniqueIdentifier>{da9270a5-b170-44db-a85d-caafe54a78a8}</UniqueIdentifier>
    </Filter>
    <Filter Include="demos\mqtt">
      <UniqueIdentifier>{11fdb31f-2c95-44e1-b156-373c6d005d81}</UniqueIdentifier>
    </Filter>
  </ItemGroup>
  <ItemGroup>
    <ClInclude Include="..\..\..\..\..\..\freertos_kernel\include\atomic.h">
      <Filter>freertos_kernel\include</Filter>
    </ClInclude>
    <ClInclude Include="..\..\..\..\..\..\freertos_kernel\include\deprecated_definitions.h">
      <Filter>freertos_kernel\include</Filter>
    </ClInclude>
    <ClInclude Include="..\..\..\..\..\..\freertos_kernel\include\event_groups.h">
      <Filter>freertos_kernel\include</Filter>
    </ClInclude>
    <ClInclude Include="..\..\..\..\..\..\freertos_kernel\include\FreeRTOS.h">
      <Filter>freertos_kernel\include</Filter>
    </ClInclude>
    <ClInclude Include="..\..\..\..\..\..\freertos_kernel\include\list.h">
      <Filter>freertos_kernel\include</Filter>
    </ClInclude>
    <ClInclude Include="..\..\..\..\..\..\freertos_kernel\include\message_buffer.h">
      <Filter>freertos_kernel\include</Filter>
    </ClInclude>
    <ClInclude Include="..\..\..\..\..\..\freertos_kernel\include\mpu_prototypes.h">
      <Filter>freertos_kernel\include</Filter>
    </ClInclude>
    <ClInclude Include="..\..\..\..\..\..\freertos_kernel\include\mpu_wrappers.h">
      <Filter>freertos_kernel\include</Filter>
    </ClInclude>
    <ClInclude Include="..\..\..\..\..\..\freertos_kernel\include\portable.h">
      <Filter>freertos_kernel\include</Filter>
    </ClInclude>
    <ClInclude Include="..\..\..\..\..\..\freertos_kernel\include\projdefs.h">
      <Filter>freertos_kernel\include</Filter>
    </ClInclude>
    <ClInclude Include="..\..\..\..\..\..\freertos_kernel\include\queue.h">
      <Filter>freertos_kernel\include</Filter>
    </ClInclude>
    <ClInclude Include="..\..\..\..\..\..\freertos_kernel\include\semphr.h">
      <Filter>freertos_kernel\include</Filter>
    </ClInclude>
    <ClInclude Include="..\..\..\..\..\..\freertos_kernel\include\stack_macros.h">
      <Filter>freertos_kernel\include</Filter>
    </ClInclude>
    <ClInclude Include="..\..\..\..\..\..\freertos_kernel\include\stream_buffer.h">
      <Filter>freertos_kernel\include</Filter>
    </ClInclude>
    <ClInclude Include="..\..\..\..\..\..\freertos_kernel\include\task.h">
      <Filter>freertos_kernel\include</Filter>
    </ClInclude>
    <ClInclude Include="..\..\..\..\..\..\freertos_kernel\include\timers.h">
      <Filter>freertos_kernel\include</Filter>
    </ClInclude>
    <ClInclude Include="..\..\..\..\..\..\modules\libraries\standard\freertos_plus_tcp\include\FreeRTOS_ARP.h">
      <Filter>modules\libraries\standard\freertos_plus_tcp\include</Filter>
    </ClInclude>
    <ClInclude Include="..\..\..\..\..\..\modules\libraries\standard\freertos_plus_tcp\include\FreeRTOS_DHCP.h">
      <Filter>modules\libraries\standard\freertos_plus_tcp\include</Filter>
    </ClInclude>
    <ClInclude Include="..\..\..\..\..\..\modules\libraries\standard\freertos_plus_tcp\include\FreeRTOS_DNS.h">
      <Filter>modules\libraries\standard\freertos_plus_tcp\include</Filter>
    </ClInclude>
    <ClInclude Include="..\..\..\..\..\..\modules\libraries\standard\freertos_plus_tcp\include\FreeRTOS_errno_TCP.h">
      <Filter>modules\libraries\standard\freertos_plus_tcp\include</Filter>
    </ClInclude>
    <ClInclude Include="..\..\..\..\..\..\modules\libraries\standard\freertos_plus_tcp\include\FreeRTOS_IP.h">
      <Filter>modules\libraries\standard\freertos_plus_tcp\include</Filter>
    </ClInclude>
    <ClInclude Include="..\..\..\..\..\..\modules\libraries\standard\freertos_plus_tcp\include\FreeRTOS_IP_Private.h">
      <Filter>modules\libraries\standard\freertos_plus_tcp\include</Filter>
    </ClInclude>
    <ClInclude Include="..\..\..\..\..\..\modules\libraries\standard\freertos_plus_tcp\include\FreeRTOS_Sockets.h">
      <Filter>modules\libraries\standard\freertos_plus_tcp\include</Filter>
    </ClInclude>
    <ClInclude Include="..\..\..\..\..\..\modules\libraries\standard\freertos_plus_tcp\include\FreeRTOS_Stream_Buffer.h">
      <Filter>modules\libraries\standard\freertos_plus_tcp\include</Filter>
    </ClInclude>
    <ClInclude Include="..\..\..\..\..\..\modules\libraries\standard\freertos_plus_tcp\include\FreeRTOS_TCP_IP.h">
      <Filter>modules\libraries\standard\freertos_plus_tcp\include</Filter>
    </ClInclude>
    <ClInclude Include="..\..\..\..\..\..\modules\libraries\standard\freertos_plus_tcp\include\FreeRTOS_TCP_WIN.h">
      <Filter>modules\libraries\standard\freertos_plus_tcp\include</Filter>
    </ClInclude>
    <ClInclude Include="..\..\..\..\..\..\modules\libraries\standard\freertos_plus_tcp\include\FreeRTOS_UDP_IP.h">
      <Filter>modules\libraries\standard\freertos_plus_tcp\include</Filter>
    </ClInclude>
    <ClInclude Include="..\..\..\..\..\..\modules\libraries\standard\freertos_plus_tcp\include\FreeRTOSIPConfigDefaults.h">
      <Filter>modules\libraries\standard\freertos_plus_tcp\include</Filter>
    </ClInclude>
    <ClInclude Include="..\..\..\..\..\..\modules\libraries\standard\freertos_plus_tcp\include\IPTraceMacroDefaults.h">
      <Filter>modules\libraries\standard\freertos_plus_tcp\include</Filter>
    </ClInclude>
    <ClInclude Include="..\..\..\..\..\..\modules\libraries\standard\freertos_plus_tcp\include\NetworkBufferManagement.h">
      <Filter>modules\libraries\standard\freertos_plus_tcp\include</Filter>
    </ClInclude>
    <ClInclude Include="..\..\..\..\..\..\modules\libraries\standard\freertos_plus_tcp\include\NetworkInterface.h">
      <Filter>modules\libraries\standard\freertos_plus_tcp\include</Filter>
    </ClInclude>
    <ClInclude Include="..\..\..\..\..\..\freertos_kernel\portable\MSVC-MingW\portmacro.h">
      <Filter>freertos_kernel\portable\MSVC-MingW</Filter>
    </ClInclude>
    <ClInclude Include="..\..\..\..\..\..\modules\libraries\standard\freertos_plus_tcp\source\portable\Compiler\MSVC\pack_struct_start.h">
      <Filter>modules\libraries\standard\freertos_plus_tcp\source\portable\MSVC</Filter>
    </ClInclude>
    <ClInclude Include="..\..\..\..\..\..\modules\libraries\standard\freertos_plus_tcp\source\portable\Compiler\MSVC\pack_struct_end.h">
      <Filter>modules\libraries\standard\freertos_plus_tcp\source\portable\MSVC</Filter>
    </ClInclude>
    <ClInclude Include="..\..\..\..\..\..\modules\ports\secure_sockets\include\aws_secure_sockets.h">
      <Filter>modules\ports\secure_sockets\include</Filter>
    </ClInclude>
    <ClInclude Include="..\..\..\..\..\..\modules\ports\secure_sockets\include\aws_secure_sockets_config_defaults.h">
      <Filter>modules\ports\secure_sockets\include</Filter>
    </ClInclude>
    <ClInclude Include="..\..\..\..\..\..\modules\ports\secure_sockets\include\aws_secure_sockets_wrapper_metrics.h">
      <Filter>modules\ports\secure_sockets\include</Filter>
    </ClInclude>
    <ClInclude Include="..\..\..\..\..\..\modules\libraries\standard\common\include\private\aws_lib_init.h">
      <Filter>modules\libraries\standard\common\include\private</Filter>
    </ClInclude>
    <ClInclude Include="..\..\..\..\..\..\modules\libraries\standard\common\include\private\aws_default_root_certificates.h">
      <Filter>modules\libraries\standard\common\include\private</Filter>
    </ClInclude>
    <ClInclude Include="..\..\..\..\..\..\modules\libraries\standard\common\include\private\aws_doubly_linked_list.h">
      <Filter>modules\libraries\standard\common\include\private</Filter>
    </ClInclude>
    <ClInclude Include="..\..\..\..\..\..\modules\libraries\standard\common\include\private\iot_error.h">
      <Filter>modules\libraries\standard\common\include\private</Filter>
    </ClInclude>
    <ClInclude Include="..\..\..\..\..\..\modules\libraries\standard\common\include\private\iot_logging.h">
      <Filter>modules\libraries\standard\common\include\private</Filter>
    </ClInclude>
    <ClInclude Include="..\..\..\..\..\..\modules\libraries\standard\common\include\private\iot_static_memory.h">
      <Filter>modules\libraries\standard\common\include\private</Filter>
    </ClInclude>
    <ClInclude Include="..\..\..\..\..\..\modules\libraries\standard\common\include\aws_appversion32.h">
      <Filter>modules\libraries\standard\common\include</Filter>
    </ClInclude>
    <ClInclude Include="..\..\..\..\..\..\modules\libraries\standard\common\include\aws_json_utils.h">
      <Filter>modules\libraries\standard\common\include</Filter>
    </ClInclude>
    <ClInclude Include="..\..\..\..\..\..\modules\libraries\standard\common\include\aws_logging_task.h">
      <Filter>modules\libraries\standard\common\include</Filter>
    </ClInclude>
    <ClInclude Include="..\..\..\..\..\..\modules\libraries\standard\common\include\iot_json_utils.h">
      <Filter>modules\libraries\standard\common\include</Filter>
    </ClInclude>
    <ClInclude Include="..\..\..\..\..\..\modules\libraries\standard\common\include\iot_linear_containers.h">
      <Filter>modules\libraries\standard\common\include</Filter>
    </ClInclude>
    <ClInclude Include="..\..\..\..\..\..\modules\libraries\standard\common\include\iot_logging_setup.h">
      <Filter>modules\libraries\standard\common\include</Filter>
    </ClInclude>
    <ClInclude Include="..\..\..\..\..\..\modules\libraries\standard\common\include\iot_taskpool.h">
      <Filter>modules\libraries\standard\common\include</Filter>
    </ClInclude>
    <ClInclude Include="..\..\..\..\..\..\modules\libraries\standard\common\taskpool\private\iot_taskpool_internal.h">
      <Filter>modules\libraries\standard\common\taskpool\private</Filter>
    </ClInclude>
    <ClInclude Include="..\..\..\..\..\..\modules\libraries\standard\freertos_plus_posix\include\FreeRTOS_POSIX.h">
      <Filter>modules\libraries\standard\freertos_plus_posix\include</Filter>
    </ClInclude>
    <ClInclude Include="..\..\..\..\..\..\modules\libraries\standard\freertos_plus_posix\include\FreeRTOS_POSIX_internal.h">
      <Filter>modules\libraries\standard\freertos_plus_posix\include</Filter>
    </ClInclude>
    <ClInclude Include="..\..\..\..\..\..\modules\libraries\standard\freertos_plus_posix\include\FreeRTOS_POSIX_types.h">
      <Filter>modules\libraries\standard\freertos_plus_posix\include</Filter>
    </ClInclude>
    <ClInclude Include="..\..\..\..\..\..\modules\libraries\standard\mqtt\include\aws_mqtt_agent.h">
      <Filter>modules\libraries\standard\mqtt\include</Filter>
    </ClInclude>
    <ClInclude Include="..\..\..\..\..\..\modules\libraries\standard\mqtt\include\aws_mqtt_agent_config_defaults.h">
      <Filter>modules\libraries\standard\mqtt\include</Filter>
    </ClInclude>
    <ClInclude Include="..\..\..\..\..\..\modules\libraries\standard\mqtt\include\aws_mqtt_config_defaults.h">
      <Filter>modules\libraries\standard\mqtt\include</Filter>
    </ClInclude>
    <ClInclude Include="..\..\..\..\..\..\modules\libraries\standard\mqtt\include\aws_mqtt_lib.h">
      <Filter>modules\libraries\standard\mqtt\include</Filter>
    </ClInclude>
    <ClInclude Include="..\..\..\..\..\..\modules\libraries\standard\mqtt\include\iot_mqtt.h">
      <Filter>modules\libraries\standard\mqtt\include</Filter>
    </ClInclude>
    <ClInclude Include="..\..\..\..\..\..\modules\libraries\standard\mqtt\include\types\iot_mqtt_types.h">
      <Filter>modules\libraries\standard\mqtt\include\types</Filter>
    </ClInclude>
    <ClInclude Include="..\..\..\..\..\..\modules\libraries\standard\mqtt\src\private\iot_mqtt_internal.h">
      <Filter>modules\libraries\standard\mqtt\src\private</Filter>
    </ClInclude>
    <ClInclude Include="..\..\..\..\..\..\modules\ports\posix\include\FreeRTOS_POSIX\errno.h">
      <Filter>modules\ports\posix\include\FreeRTOS_POSIX</Filter>
    </ClInclude>
    <ClInclude Include="..\..\..\..\..\..\modules\ports\posix\include\FreeRTOS_POSIX\fcntl.h">
      <Filter>modules\ports\posix\include\FreeRTOS_POSIX</Filter>
    </ClInclude>
    <ClInclude Include="..\..\..\..\..\..\modules\ports\posix\include\FreeRTOS_POSIX\mqueue.h">
      <Filter>modules\ports\posix\include\FreeRTOS_POSIX</Filter>
    </ClInclude>
    <ClInclude Include="..\..\..\..\..\..\modules\ports\posix\include\FreeRTOS_POSIX\pthread.h">
      <Filter>modules\ports\posix\include\FreeRTOS_POSIX</Filter>
    </ClInclude>
    <ClInclude Include="..\..\..\..\..\..\modules\ports\posix\include\FreeRTOS_POSIX\sched.h">
      <Filter>modules\ports\posix\include\FreeRTOS_POSIX</Filter>
    </ClInclude>
    <ClInclude Include="..\..\..\..\..\..\modules\ports\posix\include\FreeRTOS_POSIX\semaphore.h">
      <Filter>modules\ports\posix\include\FreeRTOS_POSIX</Filter>
    </ClInclude>
    <ClInclude Include="..\..\..\..\..\..\modules\ports\posix\include\FreeRTOS_POSIX\signal.h">
      <Filter>modules\ports\posix\include\FreeRTOS_POSIX</Filter>
    </ClInclude>
    <ClInclude Include="..\..\..\..\..\..\modules\ports\posix\include\FreeRTOS_POSIX\time.h">
      <Filter>modules\ports\posix\include\FreeRTOS_POSIX</Filter>
    </ClInclude>
    <ClInclude Include="..\..\..\..\..\..\modules\ports\posix\include\FreeRTOS_POSIX\unistd.h">
      <Filter>modules\ports\posix\include\FreeRTOS_POSIX</Filter>
    </ClInclude>
    <ClInclude Include="..\..\..\..\..\..\modules\ports\posix\include\FreeRTOS_POSIX\utils.h">
      <Filter>modules\ports\posix\include\FreeRTOS_POSIX</Filter>
    </ClInclude>
    <ClInclude Include="..\..\..\..\..\..\modules\ports\posix\include\FreeRTOS_POSIX\sys\types.h">
      <Filter>modules\ports\posix\include\FreeRTOS_POSIX\sys</Filter>
    </ClInclude>
    <ClInclude Include="..\..\..\..\..\..\modules\libraries\standard\common\include\iot_init.h">
      <Filter>modules\libraries\standard\common\include</Filter>
    </ClInclude>
    <ClInclude Include="..\common\config_files\aws_bufferpool_config.h">
      <Filter>config_files</Filter>
    </ClInclude>
    <ClInclude Include="..\common\config_files\aws_demo_config.h">
      <Filter>config_files</Filter>
    </ClInclude>
    <ClInclude Include="..\common\config_files\aws_ggd_config.h">
      <Filter>config_files</Filter>
    </ClInclude>
    <ClInclude Include="..\common\config_files\aws_iot_network_config.h">
      <Filter>config_files</Filter>
    </ClInclude>
    <ClInclude Include="..\common\config_files\aws_mqtt_agent_config.h">
      <Filter>config_files</Filter>
    </ClInclude>
    <ClInclude Include="..\common\config_files\aws_mqtt_config.h">
      <Filter>config_files</Filter>
    </ClInclude>
    <ClInclude Include="..\common\config_files\aws_ota_agent_config.h">
      <Filter>config_files</Filter>
    </ClInclude>
    <ClInclude Include="..\common\config_files\aws_pkcs11_config.h">
      <Filter>config_files</Filter>
    </ClInclude>
    <ClInclude Include="..\common\config_files\aws_secure_sockets_config.h">
      <Filter>config_files</Filter>
    </ClInclude>
    <ClInclude Include="..\common\config_files\aws_shadow_config.h">
      <Filter>config_files</Filter>
    </ClInclude>
    <ClInclude Include="..\common\config_files\FreeRTOSConfig.h">
      <Filter>config_files</Filter>
    </ClInclude>
    <ClInclude Include="..\common\config_files\FreeRTOSIPConfig.h">
      <Filter>config_files</Filter>
    </ClInclude>
    <ClInclude Include="..\common\config_files\iot_config.h">
      <Filter>config_files</Filter>
    </ClInclude>
    <ClInclude Include="..\common\config_files\trcConfig.h">
      <Filter>config_files</Filter>
    </ClInclude>
    <ClInclude Include="..\common\config_files\trcSnapshotConfig.h">
      <Filter>config_files</Filter>
    </ClInclude>
    <ClInclude Include="..\..\..\..\..\..\demos\include\aws_application_version.h">
      <Filter>demos\include</Filter>
    </ClInclude>
    <ClInclude Include="..\..\..\..\..\..\demos\include\aws_clientcredential.h">
      <Filter>demos\include</Filter>
    </ClInclude>
    <ClInclude Include="..\..\..\..\..\..\demos\include\aws_clientcredential_keys.h">
      <Filter>demos\include</Filter>
    </ClInclude>
    <ClInclude Include="..\..\..\..\..\..\demos\include\aws_demo.h">
      <Filter>demos\include</Filter>
    </ClInclude>
    <ClInclude Include="..\..\..\..\..\..\demos\include\aws_iot_demo_network.h">
      <Filter>demos\include</Filter>
    </ClInclude>
    <ClInclude Include="..\..\..\..\..\..\demos\include\aws_wifi_connect_task.h">
      <Filter>demos\include</Filter>
    </ClInclude>
    <ClInclude Include="..\..\..\..\..\..\demos\include\iot_config_common.h">
      <Filter>demos\include</Filter>
    </ClInclude>
    <ClInclude Include="..\..\..\..\..\..\demos\include\iot_demo_logging.h">
      <Filter>demos\include</Filter>
    </ClInclude>
    <ClInclude Include="..\..\..\..\..\..\demos\include\iot_demo_runner.h">
      <Filter>demos\include</Filter>
    </ClInclude>
    <ClInclude Include="..\common\application_code\aws_demo_logging.h">
      <Filter>application_code\include</Filter>
    </ClInclude>
    <ClInclude Include="..\..\..\..\..\..\demos\network_manager\iot_network_manager_private.h">
      <Filter>demos\network_manager</Filter>
    </ClInclude>
    <ClInclude Include="..\..\ports\posix\FreeRTOS_POSIX_portable.h">
      <Filter>modules\libraries\standard\freertos_plus_posix\include\portable</Filter>
    </ClInclude>
  </ItemGroup>
  <ItemGroup>
    <ClCompile Include="..\..\..\..\..\..\freertos_kernel\event_groups.c">
      <Filter>freertos_kernel</Filter>
    </ClCompile>
    <ClCompile Include="..\..\..\..\..\..\freertos_kernel\list.c">
      <Filter>freertos_kernel</Filter>
    </ClCompile>
    <ClCompile Include="..\..\..\..\..\..\freertos_kernel\queue.c">
      <Filter>freertos_kernel</Filter>
    </ClCompile>
    <ClCompile Include="..\..\..\..\..\..\freertos_kernel\stream_buffer.c">
      <Filter>freertos_kernel</Filter>
    </ClCompile>
    <ClCompile Include="..\..\..\..\..\..\freertos_kernel\tasks.c">
      <Filter>freertos_kernel</Filter>
    </ClCompile>
    <ClCompile Include="..\..\..\..\..\..\freertos_kernel\timers.c">
      <Filter>freertos_kernel</Filter>
    </ClCompile>
    <ClCompile Include="..\..\..\..\..\..\modules\libraries\standard\freertos_plus_tcp\source\FreeRTOS_ARP.c">
      <Filter>modules\libraries\standard\freertos_plus_tcp\source</Filter>
    </ClCompile>
    <ClCompile Include="..\..\..\..\..\..\modules\libraries\standard\freertos_plus_tcp\source\FreeRTOS_DHCP.c">
      <Filter>modules\libraries\standard\freertos_plus_tcp\source</Filter>
    </ClCompile>
    <ClCompile Include="..\..\..\..\..\..\modules\libraries\standard\freertos_plus_tcp\source\FreeRTOS_DNS.c">
      <Filter>modules\libraries\standard\freertos_plus_tcp\source</Filter>
    </ClCompile>
    <ClCompile Include="..\..\..\..\..\..\modules\libraries\standard\freertos_plus_tcp\source\FreeRTOS_IP.c">
      <Filter>modules\libraries\standard\freertos_plus_tcp\source</Filter>
    </ClCompile>
    <ClCompile Include="..\..\..\..\..\..\modules\libraries\standard\freertos_plus_tcp\source\FreeRTOS_Sockets.c">
      <Filter>modules\libraries\standard\freertos_plus_tcp\source</Filter>
    </ClCompile>
    <ClCompile Include="..\..\..\..\..\..\modules\libraries\standard\freertos_plus_tcp\source\FreeRTOS_Stream_Buffer.c">
      <Filter>modules\libraries\standard\freertos_plus_tcp\source</Filter>
    </ClCompile>
    <ClCompile Include="..\..\..\..\..\..\modules\libraries\standard\freertos_plus_tcp\source\FreeRTOS_TCP_IP.c">
      <Filter>modules\libraries\standard\freertos_plus_tcp\source</Filter>
    </ClCompile>
    <ClCompile Include="..\..\..\..\..\..\modules\libraries\standard\freertos_plus_tcp\source\FreeRTOS_TCP_WIN.c">
      <Filter>modules\libraries\standard\freertos_plus_tcp\source</Filter>
    </ClCompile>
    <ClCompile Include="..\..\..\..\..\..\modules\libraries\standard\freertos_plus_tcp\source\FreeRTOS_UDP_IP.c">
      <Filter>modules\libraries\standard\freertos_plus_tcp\source</Filter>
    </ClCompile>
    <ClCompile Include="..\..\..\..\..\..\modules\libraries\standard\freertos_plus_tcp\source\portable\BufferManagement\BufferAllocation_2.c">
      <Filter>modules\libraries\standard\freertos_plus_tcp\source\portable</Filter>
    </ClCompile>
    <ClCompile Include="..\..\..\..\..\..\modules\libraries\standard\freertos_plus_tcp\source\portable\NetworkInterface\WinPCap\NetworkInterface.c">
      <Filter>modules\libraries\standard\freertos_plus_tcp\source\portable</Filter>
    </ClCompile>
    <ClCompile Include="..\..\..\..\..\..\freertos_kernel\portable\MemMang\heap_4.c">
      <Filter>freertos_kernel\portable\MemMang</Filter>
    </ClCompile>
    <ClCompile Include="..\..\..\..\..\..\freertos_kernel\portable\MSVC-MingW\port.c">
      <Filter>freertos_kernel\portable\MSVC-MingW</Filter>
    </ClCompile>
    <ClCompile Include="..\..\..\..\..\..\modules\ports\secure_sockets\freertos_plus_tcp\aws_secure_sockets.c">
      <Filter>modules\ports\secure_sockets\src</Filter>
    </ClCompile>
    <ClCompile Include="..\..\..\..\..\..\modules\libraries\standard\common\logging\iot_logging.c">
      <Filter>modules\libraries\standard\common\logging</Filter>
    </ClCompile>
    <ClCompile Include="..\..\..\..\..\..\modules\libraries\standard\common\platform\iot_clock_afr.c">
      <Filter>modules\libraries\standard\common\platform</Filter>
    </ClCompile>
    <ClCompile Include="..\..\..\..\..\..\modules\libraries\standard\common\platform\iot_network_afr.c">
      <Filter>modules\libraries\standard\common\platform</Filter>
    </ClCompile>
    <ClCompile Include="..\..\..\..\..\..\modules\libraries\standard\common\platform\iot_threads_afr.c">
      <Filter>modules\libraries\standard\common\platform</Filter>
    </ClCompile>
    <ClCompile Include="..\..\..\..\..\..\modules\libraries\standard\common\taskpool\iot_taskpool.c">
      <Filter>modules\libraries\standard\common\taskpool</Filter>
    </ClCompile>
    <ClCompile Include="..\..\..\..\..\..\modules\libraries\standard\freertos_plus_posix\source\FreeRTOS_POSIX_clock.c">
      <Filter>modules\libraries\standard\freertos_plus_posix\source</Filter>
    </ClCompile>
    <ClCompile Include="..\..\..\..\..\..\modules\libraries\standard\freertos_plus_posix\source\FreeRTOS_POSIX_mqueue.c">
      <Filter>modules\libraries\standard\freertos_plus_posix\source</Filter>
    </ClCompile>
    <ClCompile Include="..\..\..\..\..\..\modules\libraries\standard\freertos_plus_posix\source\FreeRTOS_POSIX_pthread.c">
      <Filter>modules\libraries\standard\freertos_plus_posix\source</Filter>
    </ClCompile>
    <ClCompile Include="..\..\..\..\..\..\modules\libraries\standard\freertos_plus_posix\source\FreeRTOS_POSIX_pthread_barrier.c">
      <Filter>modules\libraries\standard\freertos_plus_posix\source</Filter>
    </ClCompile>
    <ClCompile Include="..\..\..\..\..\..\modules\libraries\standard\freertos_plus_posix\source\FreeRTOS_POSIX_pthread_cond.c">
      <Filter>modules\libraries\standard\freertos_plus_posix\source</Filter>
    </ClCompile>
    <ClCompile Include="..\..\..\..\..\..\modules\libraries\standard\freertos_plus_posix\source\FreeRTOS_POSIX_pthread_mutex.c">
      <Filter>modules\libraries\standard\freertos_plus_posix\source</Filter>
    </ClCompile>
    <ClCompile Include="..\..\..\..\..\..\modules\libraries\standard\freertos_plus_posix\source\FreeRTOS_POSIX_sched.c">
      <Filter>modules\libraries\standard\freertos_plus_posix\source</Filter>
    </ClCompile>
    <ClCompile Include="..\..\..\..\..\..\modules\libraries\standard\freertos_plus_posix\source\FreeRTOS_POSIX_semaphore.c">
      <Filter>modules\libraries\standard\freertos_plus_posix\source</Filter>
    </ClCompile>
    <ClCompile Include="..\..\..\..\..\..\modules\libraries\standard\freertos_plus_posix\source\FreeRTOS_POSIX_timer.c">
      <Filter>modules\libraries\standard\freertos_plus_posix\source</Filter>
    </ClCompile>
    <ClCompile Include="..\..\..\..\..\..\modules\libraries\standard\freertos_plus_posix\source\FreeRTOS_POSIX_unistd.c">
      <Filter>modules\libraries\standard\freertos_plus_posix\source</Filter>
    </ClCompile>
    <ClCompile Include="..\..\..\..\..\..\modules\libraries\standard\freertos_plus_posix\source\FreeRTOS_POSIX_utils.c">
      <Filter>modules\libraries\standard\freertos_plus_posix\source</Filter>
    </ClCompile>
    <ClCompile Include="..\..\..\..\..\..\modules\libraries\standard\mqtt\src\aws_mqtt_agent.c">
      <Filter>modules\libraries\standard\mqtt\src</Filter>
    </ClCompile>
    <ClCompile Include="..\..\..\..\..\..\modules\libraries\standard\mqtt\src\iot_mqtt_api.c">
      <Filter>modules\libraries\standard\mqtt\src</Filter>
    </ClCompile>
    <ClCompile Include="..\..\..\..\..\..\modules\libraries\standard\mqtt\src\iot_mqtt_network.c">
      <Filter>modules\libraries\standard\mqtt\src</Filter>
    </ClCompile>
    <ClCompile Include="..\..\..\..\..\..\modules\libraries\standard\mqtt\src\iot_mqtt_operation.c">
      <Filter>modules\libraries\standard\mqtt\src</Filter>
    </ClCompile>
    <ClCompile Include="..\..\..\..\..\..\modules\libraries\standard\mqtt\src\iot_mqtt_serialize.c">
      <Filter>modules\libraries\standard\mqtt\src</Filter>
    </ClCompile>
    <ClCompile Include="..\..\..\..\..\..\modules\libraries\standard\mqtt\src\iot_mqtt_subscription.c">
      <Filter>modules\libraries\standard\mqtt\src</Filter>
    </ClCompile>
    <ClCompile Include="..\..\..\..\..\..\modules\libraries\standard\mqtt\src\iot_mqtt_validate.c">
      <Filter>modules\libraries\standard\mqtt\src</Filter>
    </ClCompile>
    <ClCompile Include="..\..\..\..\..\..\modules\libraries\standard\common\iot_json_utils.c">
      <Filter>modules\libraries\standard\common</Filter>
    </ClCompile>
    <ClCompile Include="..\..\..\..\..\..\modules\libraries\standard\common\iot_init.c">
      <Filter>modules\libraries\standard\common</Filter>
    </ClCompile>
    <ClCompile Include="..\common\application_code\main.c">
      <Filter>application_code\src</Filter>
    </ClCompile>
    <ClCompile Include="..\common\application_code\aws_demo_logging.c">
      <Filter>application_code\src</Filter>
    </ClCompile>
    <ClCompile Include="..\common\application_code\aws_entropy_hardware_poll.c">
      <Filter>application_code\src</Filter>
    </ClCompile>
    <ClCompile Include="..\common\application_code\aws_run-time-stats-utils.c">
      <Filter>application_code\src</Filter>
    </ClCompile>
    <ClCompile Include="..\..\..\..\..\..\demos\network_manager\aws_iot_demo_network.c">
      <Filter>demos\network_manager</Filter>
    </ClCompile>
    <ClCompile Include="..\..\..\..\..\..\demos\network_manager\aws_iot_network_manager.c">
      <Filter>demos\network_manager</Filter>
    </ClCompile>
    <ClCompile Include="..\..\..\..\..\..\demos\demo_runner\aws_demo.c">
      <Filter>demos\demo_runner</Filter>
    </ClCompile>
    <ClCompile Include="..\..\..\..\..\..\demos\demo_runner\aws_demo_network_addr.c">
      <Filter>demos\demo_runner</Filter>
    </ClCompile>
    <ClCompile Include="..\..\..\..\..\..\demos\demo_runner\aws_demo_version.c">
      <Filter>demos\demo_runner</Filter>
    </ClCompile>
    <ClCompile Include="..\..\..\..\..\..\demos\demo_runner\iot_demo_afr.c">
      <Filter>demos\demo_runner</Filter>
    </ClCompile>
    <ClCompile Include="..\..\..\..\..\..\demos\demo_runner\iot_demo_runner.c">
      <Filter>demos\demo_runner</Filter>
    </ClCompile>
    <ClCompile Include="..\..\..\..\..\..\demos\mqtt\iot_demo_mqtt.c">
      <Filter>demos\mqtt</Filter>
    </ClCompile>
  </ItemGroup>
</Project>